
Microsoft Visual Studio Solution File, Format Version 11.00
# Visual Studio 2010
Project("{FAE04EC0-301F-11D3-BF4B-00C04F79EFBC}") = "Hesap_Makinesi_Modern", "Hesap_Makinesi_Modern.csproj", "{BCD6FC4C-48A0-479F-9C13-38E36297F0F5}"
EndProject
Global
	GlobalSection(SolutionConfigurationPlatforms) = preSolution
		Debug|Any CPU = Debug|Any CPU
		Release|Any CPU = Release|Any CPU
	EndGlobalSection
	GlobalSection(ProjectConfigurationPlatforms) = postSolution
		{BCD6FC4C-48A0-479F-9C13-38E36297F0F5}.Debug|Any CPU.ActiveCfg = Debug|Any CPU
		{BCD6FC4C-48A0-479F-9C13-38E36297F0F5}.Debug|Any CPU.Build.0 = Debug|Any CPU
		{BCD6FC4C-48A0-479F-9C13-38E36297F0F5}.Release|Any CPU.ActiveCfg = Release|Any CPU
		{BCD6FC4C-48A0-479F-9C13-38E36297F0F5}.Release|Any CPU.Build.0 = Release|Any CPU
	EndGlobalSection
	GlobalSection(SolutionProperties) = preSolution
		HideSolutionNode = FALSE
	EndGlobalSection
EndGlobal
